{
  "pins" : [
    {
      "identity" : "swift-syntax",
      "kind" : "remoteSourceControl",
      "location" : "https://github.com/apple/swift-syntax.git",
      "state" : {
        "revision" : "cd793adf5680e138bf2bcbaacc292490175d0dcd",
        "version" : "508.0.0"
      }
    }
  ],
  "version" : 2
}
